{
  "name": "firebase-cms",
  "version": "0.0.0",
  "lockfileVersion": 1,
  "requires": true,
  "dependencies": {
    "@material/animation": {
      "version": "0.4.0",
      "resolved": "https://registry.npmjs.org/@material/animation/-/animation-0.4.0.tgz",
      "integrity": "sha512-bSewG7MI9T0U2kEcIqfc1RBWmuqgbjUSImC2AJ5TTY4Ij9dQEA3ZER+fO/h2tTl4ujdRqToCrsAWXtcTjC6bwQ=="
    },
    "@material/auto-init": {
      "version": "0.2.0",
      "resolved": "https://registry.npmjs.org/@material/auto-init/-/auto-init-0.2.0.tgz",
      "integrity": "sha512-ltn1u1XH/K6mvRqXJMADp2WjreuyI+23qc1inH4HuZNDky1zvnmK1iuoOXtRXNpwQ5A3ds6qcCoCrD6JD5Y5fg=="
    },
    "@material/base": {
      "version": "0.2.5",
      "resolved": "https://registry.npmjs.org/@material/base/-/base-0.2.5.tgz",
      "integrity": "sha512-oQEiOLBlPRox8LEQNRmtOjFGMYg0D4cyE1swQwYwSy0Zz1/hG21f3f3WsPDn4NUhnscL68chtlJiG49LLd6Nfw=="
    },
    "@material/button": {
      "version": "0.7.0",
      "resolved": "https://registry.npmjs.org/@material/button/-/button-0.7.0.tgz",
      "integrity": "sha512-T2Gcn8IJOJtzSU8mHN7HMqGbvkOy5lEWDZ/dLmVviGKeip22XR9pjm8sO52dCcs1rJJxsJPCl9UnaQUmT8Shaw==",
      "requires": {
        "@material/elevation": "0.1.12",
        "@material/ripple": "0.8.7",
        "@material/theme": "0.3.1",
        "@material/typography": "0.3.0"
      }
    },
    "@material/card": {
      "version": "0.2.9",
      "resolved": "https://registry.npmjs.org/@material/card/-/card-0.2.9.tgz",
      "integrity": "sha512-S6ohfD2ptNPPC8v5vRcnZ0xPM4MDCjz67W87IGWuUv6lFYUSMcfj34YO+Om0Ejpgl3e/E0oIcxebU7ucY0OVJw==",
      "requires": {
        "@material/elevation": "0.1.12",
        "@material/rtl": "0.1.8",
        "@material/theme": "0.3.1",
        "@material/typography": "0.3.0"
      }
    },
    "@material/checkbox": {
      "version": "0.4.7",
      "resolved": "https://registry.npmjs.org/@material/checkbox/-/checkbox-0.4.7.tgz",
      "integrity": "sha512-ZPqXJvynQaA74fETJvSqT9cyzl6hbFwiMkDxd0F15OlCN7sJ1D3/CH13C8bQ0wc3yRIUKcrztWiDQ5lnJLrcwQ==",
      "requires": {
        "@material/animation": "0.4.0",
        "@material/base": "0.2.5",
        "@material/ripple": "0.8.7",
        "@material/rtl": "0.1.8",
        "@material/selection-control": "0.1.2",
        "@material/theme": "0.3.1"
      }
    },
    "@material/dialog": {
      "version": "0.4.4",
      "resolved": "https://registry.npmjs.org/@material/dialog/-/dialog-0.4.4.tgz",
      "integrity": "sha512-nwzBDZ9ugdHhQZbEQgR+XBcHFX2b5uCsN8Nvh19V+IAnFbiFJlHULZntEPihLBTk1ff6QabN9d77MgupAWN07A==",
      "requires": {
        "@material/animation": "0.4.0",
        "@material/base": "0.2.5",
        "@material/elevation": "0.1.12",
        "@material/ripple": "0.8.7",
        "@material/rtl": "0.1.8",
        "@material/theme": "0.3.1",
        "@material/typography": "0.1.1",
        "focus-trap": "2.3.0"
      },
      "dependencies": {
        "@material/typography": {
          "version": "0.1.1",
          "resolved": "https://registry.npmjs.org/@material/typography/-/typography-0.1.1.tgz",
          "integrity": "sha1-+y40N70yhNOen7kUhXZ63msr0ME="
        }
      }
    },
    "@material/drawer": {
      "version": "0.5.8",
      "resolved": "https://registry.npmjs.org/@material/drawer/-/drawer-0.5.8.tgz",
      "integrity": "sha512-ihjGsNRYjKvoveVB7wzEDD8cI7FcC7STVmSzVeZj3LR7Mpi6B+aNR4rXgNcmojd3K/tHk59EXHaiU1ySj+p0WQ==",
      "requires": {
        "@material/animation": "0.4.0",
        "@material/base": "0.2.5",
        "@material/elevation": "0.1.12",
        "@material/rtl": "0.1.8",
        "@material/theme": "0.3.1",
        "@material/typography": "0.3.0"
      }
    },
    "@material/elevation": {
      "version": "0.1.12",
      "resolved": "https://registry.npmjs.org/@material/elevation/-/elevation-0.1.12.tgz",
      "integrity": "sha512-oHo3r1wANKltKTyfpAj2VBxMgdK59qPDmKR7NLnZ1bSuHxg3KnpvC6dkyT75mbw1XDL+nXTICgIsydrI+gbBwg==",
      "requires": {
        "@material/animation": "0.4.0"
      }
    },
    "@material/fab": {
      "version": "0.5.1",
      "resolved": "https://registry.npmjs.org/@material/fab/-/fab-0.5.1.tgz",
      "integrity": "sha512-6R6/8KlITdwM52ZfDQlrrZVM9EDX68MqArr+zRWH5zXrIZF0nHq1Eo5+gpxVAjX3fcMKIH0udsGttfwmOifNgA==",
      "requires": {
        "@material/animation": "0.4.0",
        "@material/elevation": "0.1.12",
        "@material/ripple": "0.8.7",
        "@material/theme": "0.3.1"
      }
    },
    "@material/form-field": {
      "version": "0.2.16",
      "resolved": "https://registry.npmjs.org/@material/form-field/-/form-field-0.2.16.tgz",
      "integrity": "sha512-/vo65BRDzvJIFn2FftSMpYR3MWEzp0tIA9H4yfHnnRGC7HQQNXmMp383QQJAlB3cAXHi8TK7ZmNRcnfxgoYYHQ==",
      "requires": {
        "@material/base": "0.2.5",
        "@material/rtl": "0.1.8",
        "@material/selection-control": "0.1.2",
        "@material/theme": "0.3.1",
        "@material/typography": "0.3.0"
      }
    },
    "@material/grid-list": {
      "version": "0.2.12",
      "resolved": "https://registry.npmjs.org/@material/grid-list/-/grid-list-0.2.12.tgz",
      "integrity": "sha512-6kRIXBWdHEmYN8JcBHNsRX2q5n5iTylD0kApoNsY4cffYeefsyVtCOESrm3gIC0YWGrR2o0W7vcbOv8nP68VjA==",
      "requires": {
        "@material/base": "0.2.5",
        "@material/rtl": "0.1.8",
        "@material/theme": "0.3.1",
        "@material/typography": "0.3.0"
      }
    },
    "@material/icon-toggle": {
      "version": "0.1.21",
      "resolved": "https://registry.npmjs.org/@material/icon-toggle/-/icon-toggle-0.1.21.tgz",
      "integrity": "sha512-wBT5Sz4TLkL+ocHmsnyreC1PLGZtXMUPxJKuOiW1HewpMU35MNkvWYfaT2Mo+NC/K8GrNzT4Myy+IyiiX6VfUQ==",
      "requires": {
        "@material/animation": "0.4.0",
        "@material/base": "0.2.5",
        "@material/ripple": "0.8.7",
        "@material/theme": "0.3.1"
      }
    },
    "@material/layout-grid": {
      "version": "0.4.4",
      "resolved": "https://registry.npmjs.org/@material/layout-grid/-/layout-grid-0.4.4.tgz",
      "integrity": "sha512-HEmngfoEcoonIekSFtBxQiY2QJkjylx3h/ZzipA9aMexP/n0BWvQZrZc+m53C2ntlvaK4kkLAu1at10v5Iry5g=="
    },
    "@material/linear-progress": {
      "version": "0.1.10",
      "resolved": "https://registry.npmjs.org/@material/linear-progress/-/linear-progress-0.1.10.tgz",
      "integrity": "sha512-C8c2+1yp6Wvu6pCHY641tPWTTORaR85KTWS6mvVnnOPVCbL2aDtJCd0W0AimjjS7KEMxDDmwHI6slaxTm9t3MA==",
      "requires": {
        "@material/animation": "0.4.0",
        "@material/base": "0.2.5",
        "@material/theme": "0.3.1"
      }
    },
    "@material/list": {
      "version": "0.2.19",
      "resolved": "https://registry.npmjs.org/@material/list/-/list-0.2.19.tgz",
      "integrity": "sha512-2WpnHHqyZNlVcryE6pXp6OgaFefSbTtEkbey7XdE5qENuf2jrr//4hOpDAduu40bgNK9Pz7Udzep4ovVJ8wFrw==",
      "requires": {
        "@material/ripple": "0.8.7",
        "@material/rtl": "0.1.8",
        "@material/theme": "0.3.1",
        "@material/typography": "0.3.0"
      }
    },
    "@material/menu": {
      "version": "0.4.7",
      "resolved": "https://registry.npmjs.org/@material/menu/-/menu-0.4.7.tgz",
      "integrity": "sha512-PG+JYiYtnmI8Lgm6BsUVr39THuRS+LVJRX5W+GRYtX6C8hQCilY8lihb8OiUFVjYJX+RDASULnB+XgjPfBWjkw==",
      "requires": {
        "@material/animation": "0.4.0",
        "@material/base": "0.2.5",
        "@material/elevation": "0.1.12",
        "@material/theme": "0.3.1",
        "@material/typography": "0.3.0"
      }
    },
    "@material/radio": {
      "version": "0.2.14",
      "resolved": "https://registry.npmjs.org/@material/radio/-/radio-0.2.14.tgz",
      "integrity": "sha512-ZlA6HS2rWJ0jC3QU+HySr38yUBR/2Sz5LPUaxTQ3CmAzU5JLx84JwJ77wGglnh3U4MUFzqv8CYK4dTeoEsN8gA==",
      "requires": {
        "@material/animation": "0.4.0",
        "@material/base": "0.2.5",
        "@material/ripple": "0.8.7",
        "@material/selection-control": "0.1.2",
        "@material/theme": "0.3.1"
      }
    },
    "@material/ripple": {
      "version": "0.8.7",
      "resolved": "https://registry.npmjs.org/@material/ripple/-/ripple-0.8.7.tgz",
      "integrity": "sha512-jk3lrEdOw3UdfbPXWH0SrF8upjVxnBN4W7gF/p1dIKUisMg3NLojlp9BFNikvOt37dqemrcJTSkqC1GNMATIDQ==",
      "requires": {
        "@material/base": "0.2.5",
        "@material/theme": "0.3.1"
      }
    },
    "@material/rtl": {
      "version": "0.1.8",
      "resolved": "https://registry.npmjs.org/@material/rtl/-/rtl-0.1.8.tgz",
      "integrity": "sha512-NzBobwxvhJg+dch99pVO+Z9HL1DM+esuIy5WYXgM7trfOVh8n9DkVo5vD/NKnDy6F5wCaRnJOI5T19Tev6c9Zw=="
    },
    "@material/select": {
      "version": "0.3.17",
      "resolved": "https://registry.npmjs.org/@material/select/-/select-0.3.17.tgz",
      "integrity": "sha512-Vi+qTPh9JhKsyWtQNjBCXWq1DIiZE2jL+AeQ+FbBasJgbRpAvFV8b8Z63C6wVy4J7p7fhADjFwEe+Y8cgIB1MA==",
      "requires": {
        "@material/animation": "0.4.0",
        "@material/base": "0.2.5",
        "@material/list": "0.2.19",
        "@material/menu": "0.4.7",
        "@material/rtl": "0.1.8",
        "@material/theme": "0.3.1",
        "@material/typography": "0.3.0"
      }
    },
    "@material/selection-control": {
      "version": "0.1.2",
      "resolved": "https://registry.npmjs.org/@material/selection-control/-/selection-control-0.1.2.tgz",
      "integrity": "sha512-a+mLstx4edXcnJqvSNG+toz2gAqu+JQZkB3/wBW+FX8Ro99rOiKIvmBZ9TDvuFrcX/Vl7yfQHrmfzFXqjVgJqg==",
      "requires": {
        "@material/ripple": "0.8.7"
      }
    },
    "@material/slider": {
      "version": "0.2.6",
      "resolved": "https://registry.npmjs.org/@material/slider/-/slider-0.2.6.tgz",
      "integrity": "sha512-mXhieBaIwjgj2+KoBRIiJkMbqOcmp1vG3qxwnvdu5+OOpYgHiRSbFz2UmlLXNf/Z2llB56R0YUD39jyoVtqCtw==",
      "requires": {
        "@material/animation": "0.4.0",
        "@material/base": "0.2.5",
        "@material/rtl": "0.1.8",
        "@material/theme": "0.3.1"
      }
    },
    "@material/snackbar": {
      "version": "0.4.0",
      "resolved": "https://registry.npmjs.org/@material/snackbar/-/snackbar-0.4.0.tgz",
      "integrity": "sha512-O2g2xyeotAzhymcFDWm16QCjQy6p8gsq0/aTlqmDs2gykZklud00tZ2O9MNF9RSvhnFJx8wu4tuATdPn5qGr8Q==",
      "requires": {
        "@material/animation": "0.4.0",
        "@material/base": "0.2.5",
        "@material/rtl": "0.1.8",
        "@material/theme": "0.3.1",
        "@material/typography": "0.3.0"
      }
    },
    "@material/switch": {
      "version": "0.1.14",
      "resolved": "https://registry.npmjs.org/@material/switch/-/switch-0.1.14.tgz",
      "integrity": "sha512-7DTpogWmE+PHFttD2e1mcWqaZvrEr0Eh3hZoDpHTxdNWnOObCHxnuI2KRHoc/HJ2KzzDZDNPoJyIwu8khg0LdA==",
      "requires": {
        "@material/animation": "0.4.0",
        "@material/elevation": "0.1.12",
        "@material/theme": "0.3.1"
      }
    },
    "@material/tabs": {
      "version": "0.3.0",
      "resolved": "https://registry.npmjs.org/@material/tabs/-/tabs-0.3.0.tgz",
      "integrity": "sha512-TMDY3O7UaGMs74T32vjdhGyDNhsM60S8pmm9ApgoO156dJ03skbziMn3aK6yedybeft3TDRFuyIHJFEYJ6DNnQ==",
      "requires": {
        "@material/animation": "0.4.0",
        "@material/base": "0.2.5",
        "@material/ripple": "0.8.7",
        "@material/rtl": "0.1.8",
        "@material/theme": "0.3.1",
        "@material/typography": "0.3.0"
      }
    },
    "@material/textfield": {
      "version": "0.4.1",
      "resolved": "https://registry.npmjs.org/@material/textfield/-/textfield-0.4.1.tgz",
      "integrity": "sha512-babeq5Lf3vkBXf6TQVMWUZJxhaWDuJQHOKbADosj9ZdsAG6lqlYPyWeGVN0oTAw04y5TSaTrmLqhI+aL6FxzBg==",
      "requires": {
        "@material/animation": "0.4.0",
        "@material/base": "0.2.5",
        "@material/ripple": "0.8.7",
        "@material/rtl": "0.1.8",
        "@material/theme": "0.3.1",
        "@material/typography": "0.3.0"
      }
    },
    "@material/theme": {
      "version": "0.3.1",
      "resolved": "https://registry.npmjs.org/@material/theme/-/theme-0.3.1.tgz",
      "integrity": "sha512-0PRLqMPCL3mEaUXyc/SWZWDHWjfyS7xXT64h7dT4lwwA0oHpq0OdQaqemYWkI1h+CVHeT0qSwirRNJ0jxBlhtA=="
    },
    "@material/toolbar": {
      "version": "0.4.10",
      "resolved": "https://registry.npmjs.org/@material/toolbar/-/toolbar-0.4.10.tgz",
      "integrity": "sha512-bD96C5vTZY443hHAEnAROISM1mPZiX+dbRfsRq/u+iU96bk8rH2Q8cAfDGkTHMr58+pD0B9nZl2ui+mTOBgcsA==",
      "requires": {
        "@material/base": "0.2.5",
        "@material/elevation": "0.1.12",
        "@material/rtl": "0.1.8",
        "@material/theme": "0.3.1",
        "@material/typography": "0.3.0"
      }
    },
    "@material/typography": {
      "version": "0.3.0",
      "resolved": "https://registry.npmjs.org/@material/typography/-/typography-0.3.0.tgz",
      "integrity": "sha1-+CjC0yFb/WbFgHJwm0JgxkElOQo="
    },
    "focus-trap": {
      "version": "2.3.0",
      "resolved": "https://registry.npmjs.org/focus-trap/-/focus-trap-2.3.0.tgz",
      "integrity": "sha1-B8kZZIZ9NGMV9PX434i/lkVTFuI=",
      "requires": {
        "tabbable": "1.1.0"
      }
    },
    "material-components-web": {
      "version": "0.21.1",
      "resolved": "https://registry.npmjs.org/material-components-web/-/material-components-web-0.21.1.tgz",
      "integrity": "sha512-mT6JgVRL75HbR1OMUGPQI5nilqyHyMkiwChhdx4iNdXa6TE2TYMWzbF4BLnSccZW7tVjYHa0lkjCdrm+ixr/FQ==",
      "requires": {
        "@material/animation": "0.4.0",
        "@material/auto-init": "0.2.0",
        "@material/base": "0.2.5",
        "@material/button": "0.7.0",
        "@material/card": "0.2.9",
        "@material/checkbox": "0.4.7",
        "@material/dialog": "0.4.4",
        "@material/drawer": "0.5.8",
        "@material/elevation": "0.1.12",
        "@material/fab": "0.5.1",
        "@material/form-field": "0.2.16",
        "@material/grid-list": "0.2.12",
        "@material/icon-toggle": "0.1.21",
        "@material/layout-grid": "0.4.4",
        "@material/linear-progress": "0.1.10",
        "@material/list": "0.2.19",
        "@material/menu": "0.4.7",
        "@material/radio": "0.2.14",
        "@material/ripple": "0.8.7",
        "@material/rtl": "0.1.8",
        "@material/select": "0.3.17",
        "@material/selection-control": "0.1.2",
        "@material/slider": "0.2.6",
        "@material/snackbar": "0.4.0",
        "@material/switch": "0.1.14",
        "@material/tabs": "0.3.0",
        "@material/textfield": "0.4.1",
        "@material/theme": "0.3.1",
        "@material/toolbar": "0.4.10",
        "@material/typography": "0.3.0"
      }
    },
    "tabbable": {
      "version": "1.1.0",
      "resolved": "https://registry.npmjs.org/tabbable/-/tabbable-1.1.0.tgz",
      "integrity": "sha512-35UF7YrX08Wj5+CFFwO5akQYE4UFICvOY/xQ7Dgduhxb5QW7IS/d0DeLO9DnRzwVyfyiz6vRPj3MYhPt/Zopiw=="
    }
  }
}
